
Microsoft Visual Studio Solution File, Format Version 12.00
# Visual Studio 15
VisualStudioVersion = 15.0.27004.2005
MinimumVisualStudioVersion = 10.0.40219.1
Project("{2150E333-8FDC-42A3-9474-1A3956D46DE8}") = "Solution Items", "Solution Items", "{08CCFCF6-2248-43ED-A6EF-E972A2DA0E6A}"
	ProjectSection(SolutionItems) = preProject
		paket.dependencies = paket.dependencies
	EndProjectSection
EndProject
Project("{F2A71F9B-5D33-465A-A702-920D77279786}") = "Runner", "src\Runner\Runner.fsproj", "{8410F039-8343-4391-B566-4AFF5C87162C}"
EndProject
Project("{F2A71F9B-5D33-465A-A702-920D77279786}") = "Plugin", "src\Plugin\Plugin.fsproj", "{B02CD397-2DD7-4AF0-B257-8AEC18E439BA}"
EndProject
Global
	GlobalSection(SolutionConfigurationPlatforms) = preSolution
		Debug|Any CPU = Debug|Any CPU
		Release|Any CPU = Release|Any CPU
	EndGlobalSection
	GlobalSection(ProjectConfigurationPlatforms) = postSolution
		{73E8E820-C8AA-47CC-BB2B-152CA4D0B855}.Debug|Any CPU.ActiveCfg = Debug|Any CPU
		{73E8E820-C8AA-47CC-BB2B-152CA4D0B855}.Debug|Any CPU.Build.0 = Debug|Any CPU
		{73E8E820-C8AA-47CC-BB2B-152CA4D0B855}.Release|Any CPU.ActiveCfg = Release|Any CPU
		{73E8E820-C8AA-47CC-BB2B-152CA4D0B855}.Release|Any CPU.Build.0 = Release|Any CPU
		{73E8E820-C8AA-47CC-BB2B-152CA4D0B856}.Debug|Any CPU.ActiveCfg = Debug|Any CPU
		{73E8E820-C8AA-47CC-BB2B-152CA4D0B856}.Debug|Any CPU.Build.0 = Debug|Any CPU
		{73E8E820-C8AA-47CC-BB2B-152CA4D0B856}.Release|Any CPU.ActiveCfg = Release|Any CPU
		{73E8E820-C8AA-47CC-BB2B-152CA4D0B856}.Release|Any CPU.Build.0 = Release|Any CPU
		{8410F039-8343-4391-B566-4AFF5C87162C}.Debug|Any CPU.ActiveCfg = Debug|Any CPU
		{8410F039-8343-4391-B566-4AFF5C87162C}.Debug|Any CPU.Build.0 = Debug|Any CPU
		{8410F039-8343-4391-B566-4AFF5C87162C}.Release|Any CPU.ActiveCfg = Release|Any CPU
		{8410F039-8343-4391-B566-4AFF5C87162C}.Release|Any CPU.Build.0 = Release|Any CPU
		{B02CD397-2DD7-4AF0-B257-8AEC18E439BA}.Debug|Any CPU.ActiveCfg = Debug|Any CPU
		{B02CD397-2DD7-4AF0-B257-8AEC18E439BA}.Debug|Any CPU.Build.0 = Debug|Any CPU
		{B02CD397-2DD7-4AF0-B257-8AEC18E439BA}.Release|Any CPU.ActiveCfg = Release|Any CPU
		{B02CD397-2DD7-4AF0-B257-8AEC18E439BA}.Release|Any CPU.Build.0 = Release|Any CPU
	EndGlobalSection
	GlobalSection(SolutionProperties) = preSolution
		HideSolutionNode = FALSE
	EndGlobalSection
	GlobalSection(ExtensibilityGlobals) = postSolution
		SolutionGuid = {7A0AA30E-4CD9-4359-9513-BA68E2E85245}
	EndGlobalSection
EndGlobal
